{
  "pins" : [
    {
      "identity" : "iqkeyboardmanager",
      "kind" : "remoteSourceControl",
      "location" : "https://github.com/hackiftekhar/IQKeyboardManager",
      "state" : {
        "branch" : "master",
        "revision" : "c0b5dbc3da5b0920b965b502c0b9be9e55156c71"
      }
    }
  ],
  "version" : 2
}
