// !$*UTF8*$!
{
	archiveVersion = 1;
	classes = {
	};
	objectVersion = 56;
	objects = {

/* Begin PBXBuildFile section */
		9F03F4962870B8FE00432002 /* MantraListColumn.swift in Sources */ = {isa = PBXBuildFile; fileRef = 9F03F4952870B8FE00432002 /* MantraListColumn.swift */; };
		9F31E15A2891ACE6006F0521 /* MantraCounterModeOverlayView.swift in Sources */ = {isa = PBXBuildFile; fileRef = 9F31E1592891ACE6006F0521 /* MantraCounterModeOverlayView.swift */; };
		9F338B5C2899A64200E393E2 /* RoundedCross.swift in Sources */ = {isa = PBXBuildFile; fileRef = 9F338B572899A64100E393E2 /* RoundedCross.swift */; };
		9F338B5D2899A64200E393E2 /* Triangle.swift in Sources */ = {isa = PBXBuildFile; fileRef = 9F338B582899A64100E393E2 /* Triangle.swift */; };
		9F338B5E2899A64200E393E2 /* SlimRectangle.swift in Sources */ = {isa = PBXBuildFile; fileRef = 9F338B592899A64100E393E2 /* SlimRectangle.swift */; };
		9F338B5F2899A64200E393E2 /* View+ConfettiCannon.swift in Sources */ = {isa = PBXBuildFile; fileRef = 9F338B5A2899A64100E393E2 /* View+ConfettiCannon.swift */; };
		9F338B602899A64200E393E2 /* ConfettiSwiftUI.swift in Sources */ = {isa = PBXBuildFile; fileRef = 9F338B5B2899A64100E393E2 /* ConfettiSwiftUI.swift */; };
		9F4DE924286E3B670064ADCB /* UIImage+CropToCircle.swift in Sources */ = {isa = PBXBuildFile; fileRef = 9F4DE923286E3B670064ADCB /* UIImage+CropToCircle.swift */; };
		9F4DE926286E3B990064ADCB /* Functions.swift in Sources */ = {isa = PBXBuildFile; fileRef = 9F4DE925286E3B990064ADCB /* Functions.swift */; };
		9F605143288EE75E005EC6F5 /* BlinkView.swift in Sources */ = {isa = PBXBuildFile; fileRef = 9F605142288EE75E005EC6F5 /* BlinkView.swift */; };
		9F780038287FF7D200516A0F /* RandomColor.swift in Sources */ = {isa = PBXBuildFile; fileRef = 9F780037287FF7D200516A0F /* RandomColor.swift */; };
		9F78628A288844970058AAD0 /* PercentageRing.swift in Sources */ = {isa = PBXBuildFile; fileRef = 9F786289288844970058AAD0 /* PercentageRing.swift */; };
		9F78628D2889A5830058AAD0 /* ReadsView.swift in Sources */ = {isa = PBXBuildFile; fileRef = 9FBEE9AB285F68CE0070BA06 /* ReadsView.swift */; };
		9F78728E2865FDA400F52335 /* UIImage+Resize.swift in Sources */ = {isa = PBXBuildFile; fileRef = 9F78728D2865FDA400F52335 /* UIImage+Resize.swift */; };
		9F7B1AE4286AB09A007720A0 /* MantraRow.swift in Sources */ = {isa = PBXBuildFile; fileRef = 9F7B1AE3286AB09A007720A0 /* MantraRow.swift */; };
		9FA8E88B28985D3100479F08 /* CheckMarkView.swift in Sources */ = {isa = PBXBuildFile; fileRef = 9FA8E88A28985D3100479F08 /* CheckMarkView.swift */; };
		9FA8E88D2898DB7B00479F08 /* PreloadedMantra.swift in Sources */ = {isa = PBXBuildFile; fileRef = 9FA8E88C2898DB7B00479F08 /* PreloadedMantra.swift */; };
		9FB279E428902F1B0029ED3B /* HintView.swift in Sources */ = {isa = PBXBuildFile; fileRef = 9FB279E328902F1B0029ED3B /* HintView.swift */; };
		9FBEE998285F682C0070BA06 /* MantraReaderApp.swift in Sources */ = {isa = PBXBuildFile; fileRef = 9FBEE997285F682C0070BA06 /* MantraReaderApp.swift */; };
		9FBEE99A285F682C0070BA06 /* Persistence.swift in Sources */ = {isa = PBXBuildFile; fileRef = 9FBEE999285F682C0070BA06 /* Persistence.swift */; };
		9FBEE99D285F682C0070BA06 /* MantraReader.xcdatamodeld in Sources */ = {isa = PBXBuildFile; fileRef = 9FBEE99B285F682C0070BA06 /* MantraReader.xcdatamodeld */; };
		9FBEE99F285F682C0070BA06 /* ContentView.swift in Sources */ = {isa = PBXBuildFile; fileRef = 9FBEE99E285F682C0070BA06 /* ContentView.swift */; };
		9FBEE9A1285F682D0070BA06 /* Assets.xcassets in Resources */ = {isa = PBXBuildFile; fileRef = 9FBEE9A0285F682D0070BA06 /* Assets.xcassets */; };
		9FBEE9A5285F682D0070BA06 /* Preview Assets.xcassets in Resources */ = {isa = PBXBuildFile; fileRef = 9FBEE9A4285F682D0070BA06 /* Preview Assets.xcassets */; };
		9FBEE9B0285F68CE0070BA06 /* CircularProgressView.swift in Sources */ = {isa = PBXBuildFile; fileRef = 9FBEE9AD285F68CE0070BA06 /* CircularProgressView.swift */; };
		9FC9A691287DA4FE00D05FBD /* UpdatingAlertView.swift in Sources */ = {isa = PBXBuildFile; fileRef = 9FC9A690287DA4FE00D05FBD /* UpdatingAlertView.swift */; };
		9FD61DC62893915B004936E6 /* PreloadedMantraListView.swift in Sources */ = {isa = PBXBuildFile; fileRef = 9FD61DC52893915B004936E6 /* PreloadedMantraListView.swift */; };
		9FD61DC8289391A4004936E6 /* PreloadedMantraRow.swift in Sources */ = {isa = PBXBuildFile; fileRef = 9FD61DC7289391A4004936E6 /* PreloadedMantraRow.swift */; };
		9FD61DCA289391BC004936E6 /* PreloadedMantraListViewModel.swift in Sources */ = {isa = PBXBuildFile; fileRef = 9FD61DC9289391BC004936E6 /* PreloadedMantraListViewModel.swift */; };
		9FD61DCC289391D4004936E6 /* InfoView.swift in Sources */ = {isa = PBXBuildFile; fileRef = 9FD61DCB289391D4004936E6 /* InfoView.swift */; };
		9FD61DCE289391EF004936E6 /* InfoViewModel.swift in Sources */ = {isa = PBXBuildFile; fileRef = 9FD61DCD289391EF004936E6 /* InfoViewModel.swift */; };
		9FDC8DAA286222C700BF7051 /* ReadsViewModel.swift in Sources */ = {isa = PBXBuildFile; fileRef = 9FDC8DA9286222C700BF7051 /* ReadsViewModel.swift */; };
		9FDC8DAC28622AEC00BF7051 /* DetailsColumn.swift in Sources */ = {isa = PBXBuildFile; fileRef = 9FDC8DAB28622AEC00BF7051 /* DetailsColumn.swift */; };
		9FDC8DAE28622D5900BF7051 /* Constants.swift in Sources */ = {isa = PBXBuildFile; fileRef = 9FDC8DAD28622D5900BF7051 /* Constants.swift */; };
		9FDC8DB028623D5F00BF7051 /* OrientationInfo.swift in Sources */ = {isa = PBXBuildFile; fileRef = 9FDC8DAF28623D5F00BF7051 /* OrientationInfo.swift */; };
		9FDF34992884859D00B3007E /* AdjustingAndUndoTypes.swift in Sources */ = {isa = PBXBuildFile; fileRef = 9FDF34982884859D00B3007E /* AdjustingAndUndoTypes.swift */; };
		9FDF349B2885B2E000B3007E /* CircularProgressViewModel.swift in Sources */ = {isa = PBXBuildFile; fileRef = 9FDF349A2885B2E000B3007E /* CircularProgressViewModel.swift */; };
		9FDF349D2885E83B00B3007E /* GoalButtonViewModel.swift in Sources */ = {isa = PBXBuildFile; fileRef = 9FDF349C2885E83B00B3007E /* GoalButtonViewModel.swift */; };
		9FDF349F2885E86200B3007E /* GoalButtonView.swift in Sources */ = {isa = PBXBuildFile; fileRef = 9FDF349E2885E86200B3007E /* GoalButtonView.swift */; };
		9FF7C3952864C16200DA5F51 /* PreloadedMantras.swift in Sources */ = {isa = PBXBuildFile; fileRef = 9FF7C3942864C16200DA5F51 /* PreloadedMantras.swift */; };
/* End PBXBuildFile section */

/* Begin PBXFileReference section */
		9F03F4952870B8FE00432002 /* MantraListColumn.swift */ = {isa = PBXFileReference; lastKnownFileType = sourcecode.swift; path = MantraListColumn.swift; sourceTree = "<group>"; };
		9F31E1592891ACE6006F0521 /* MantraCounterModeOverlayView.swift */ = {isa = PBXFileReference; lastKnownFileType = sourcecode.swift; path = MantraCounterModeOverlayView.swift; sourceTree = "<group>"; };
		9F338B572899A64100E393E2 /* RoundedCross.swift */ = {isa = PBXFileReference; fileEncoding = 4; lastKnownFileType = sourcecode.swift; path = RoundedCross.swift; sourceTree = "<group>"; };
		9F338B582899A64100E393E2 /* Triangle.swift */ = {isa = PBXFileReference; fileEncoding = 4; lastKnownFileType = sourcecode.swift; path = Triangle.swift; sourceTree = "<group>"; };
		9F338B592899A64100E393E2 /* SlimRectangle.swift */ = {isa = PBXFileReference; fileEncoding = 4; lastKnownFileType = sourcecode.swift; path = SlimRectangle.swift; sourceTree = "<group>"; };
		9F338B5A2899A64100E393E2 /* View+ConfettiCannon.swift */ = {isa = PBXFileReference; fileEncoding = 4; lastKnownFileType = sourcecode.swift; path = "View+ConfettiCannon.swift"; sourceTree = "<group>"; };
		9F338B5B2899A64100E393E2 /* ConfettiSwiftUI.swift */ = {isa = PBXFileReference; fileEncoding = 4; lastKnownFileType = sourcecode.swift; path = ConfettiSwiftUI.swift; sourceTree = "<group>"; };
		9F4DE923286E3B670064ADCB /* UIImage+CropToCircle.swift */ = {isa = PBXFileReference; fileEncoding = 4; lastKnownFileType = sourcecode.swift; path = "UIImage+CropToCircle.swift"; sourceTree = "<group>"; };
		9F4DE925286E3B990064ADCB /* Functions.swift */ = {isa = PBXFileReference; fileEncoding = 4; lastKnownFileType = sourcecode.swift; path = Functions.swift; sourceTree = "<group>"; };
		9F605142288EE75E005EC6F5 /* BlinkView.swift */ = {isa = PBXFileReference; lastKnownFileType = sourcecode.swift; path = BlinkView.swift; sourceTree = "<group>"; };
		9F780037287FF7D200516A0F /* RandomColor.swift */ = {isa = PBXFileReference; lastKnownFileType = sourcecode.swift; path = RandomColor.swift; sourceTree = "<group>"; };
		9F786289288844970058AAD0 /* PercentageRing.swift */ = {isa = PBXFileReference; lastKnownFileType = sourcecode.swift; path = PercentageRing.swift; sourceTree = "<group>"; };
		9F78728D2865FDA400F52335 /* UIImage+Resize.swift */ = {isa = PBXFileReference; fileEncoding = 4; lastKnownFileType = sourcecode.swift; path = "UIImage+Resize.swift"; sourceTree = "<group>"; };
		9F7B1AE3286AB09A007720A0 /* MantraRow.swift */ = {isa = PBXFileReference; lastKnownFileType = sourcecode.swift; path = MantraRow.swift; sourceTree = "<group>"; };
		9FA8E88A28985D3100479F08 /* CheckMarkView.swift */ = {isa = PBXFileReference; lastKnownFileType = sourcecode.swift; path = CheckMarkView.swift; sourceTree = "<group>"; };
		9FA8E88C2898DB7B00479F08 /* PreloadedMantra.swift */ = {isa = PBXFileReference; lastKnownFileType = sourcecode.swift; path = PreloadedMantra.swift; sourceTree = "<group>"; };
		9FB279E328902F1B0029ED3B /* HintView.swift */ = {isa = PBXFileReference; lastKnownFileType = sourcecode.swift; path = HintView.swift; sourceTree = "<group>"; };
		9FBEE994285F682C0070BA06 /* MantraReader.app */ = {isa = PBXFileReference; explicitFileType = wrapper.application; includeInIndex = 0; path = MantraReader.app; sourceTree = BUILT_PRODUCTS_DIR; };
		9FBEE997285F682C0070BA06 /* MantraReaderApp.swift */ = {isa = PBXFileReference; lastKnownFileType = sourcecode.swift; path = MantraReaderApp.swift; sourceTree = "<group>"; };
		9FBEE999285F682C0070BA06 /* Persistence.swift */ = {isa = PBXFileReference; lastKnownFileType = sourcecode.swift; path = Persistence.swift; sourceTree = "<group>"; };
		9FBEE99C285F682C0070BA06 /* MantraReader.xcdatamodel */ = {isa = PBXFileReference; lastKnownFileType = wrapper.xcdatamodel; path = MantraReader.xcdatamodel; sourceTree = "<group>"; };
		9FBEE99E285F682C0070BA06 /* ContentView.swift */ = {isa = PBXFileReference; lastKnownFileType = sourcecode.swift; path = ContentView.swift; sourceTree = "<group>"; };
		9FBEE9A0285F682D0070BA06 /* Assets.xcassets */ = {isa = PBXFileReference; lastKnownFileType = folder.assetcatalog; path = Assets.xcassets; sourceTree = "<group>"; };
		9FBEE9A2285F682D0070BA06 /* MantraReader.entitlements */ = {isa = PBXFileReference; lastKnownFileType = text.plist.entitlements; path = MantraReader.entitlements; sourceTree = "<group>"; };
		9FBEE9A4285F682D0070BA06 /* Preview Assets.xcassets */ = {isa = PBXFileReference; lastKnownFileType = folder.assetcatalog; path = "Preview Assets.xcassets"; sourceTree = "<group>"; };
		9FBEE9AB285F68CE0070BA06 /* ReadsView.swift */ = {isa = PBXFileReference; fileEncoding = 4; lastKnownFileType = sourcecode.swift; path = ReadsView.swift; sourceTree = "<group>"; };
		9FBEE9AD285F68CE0070BA06 /* CircularProgressView.swift */ = {isa = PBXFileReference; fileEncoding = 4; lastKnownFileType = sourcecode.swift; path = CircularProgressView.swift; sourceTree = "<group>"; };
		9FC9A690287DA4FE00D05FBD /* UpdatingAlertView.swift */ = {isa = PBXFileReference; lastKnownFileType = sourcecode.swift; path = UpdatingAlertView.swift; sourceTree = "<group>"; };
		9FD61DC52893915B004936E6 /* PreloadedMantraListView.swift */ = {isa = PBXFileReference; lastKnownFileType = sourcecode.swift; path = PreloadedMantraListView.swift; sourceTree = "<group>"; };
		9FD61DC7289391A4004936E6 /* PreloadedMantraRow.swift */ = {isa = PBXFileReference; lastKnownFileType = sourcecode.swift; path = PreloadedMantraRow.swift; sourceTree = "<group>"; };
		9FD61DC9289391BC004936E6 /* PreloadedMantraListViewModel.swift */ = {isa = PBXFileReference; lastKnownFileType = sourcecode.swift; path = PreloadedMantraListViewModel.swift; sourceTree = "<group>"; };
		9FD61DCB289391D4004936E6 /* InfoView.swift */ = {isa = PBXFileReference; lastKnownFileType = sourcecode.swift; path = InfoView.swift; sourceTree = "<group>"; };
		9FD61DCD289391EF004936E6 /* InfoViewModel.swift */ = {isa = PBXFileReference; lastKnownFileType = sourcecode.swift; path = InfoViewModel.swift; sourceTree = "<group>"; };
		9FDC8DA9286222C700BF7051 /* ReadsViewModel.swift */ = {isa = PBXFileReference; lastKnownFileType = sourcecode.swift; path = ReadsViewModel.swift; sourceTree = "<group>"; };
		9FDC8DAB28622AEC00BF7051 /* DetailsColumn.swift */ = {isa = PBXFileReference; lastKnownFileType = sourcecode.swift; path = DetailsColumn.swift; sourceTree = "<group>"; };
		9FDC8DAD28622D5900BF7051 /* Constants.swift */ = {isa = PBXFileReference; lastKnownFileType = sourcecode.swift; path = Constants.swift; sourceTree = "<group>"; };
		9FDC8DAF28623D5F00BF7051 /* OrientationInfo.swift */ = {isa = PBXFileReference; lastKnownFileType = sourcecode.swift; path = OrientationInfo.swift; sourceTree = "<group>"; };
		9FDF34982884859D00B3007E /* AdjustingAndUndoTypes.swift */ = {isa = PBXFileReference; lastKnownFileType = sourcecode.swift; path = AdjustingAndUndoTypes.swift; sourceTree = "<group>"; };
		9FDF349A2885B2E000B3007E /* CircularProgressViewModel.swift */ = {isa = PBXFileReference; lastKnownFileType = sourcecode.swift; path = CircularProgressViewModel.swift; sourceTree = "<group>"; };
		9FDF349C2885E83B00B3007E /* GoalButtonViewModel.swift */ = {isa = PBXFileReference; lastKnownFileType = sourcecode.swift; path = GoalButtonViewModel.swift; sourceTree = "<group>"; };
		9FDF349E2885E86200B3007E /* GoalButtonView.swift */ = {isa = PBXFileReference; lastKnownFileType = sourcecode.swift; path = GoalButtonView.swift; sourceTree = "<group>"; };
		9FF7C3942864C16200DA5F51 /* PreloadedMantras.swift */ = {isa = PBXFileReference; fileEncoding = 4; lastKnownFileType = sourcecode.swift; path = PreloadedMantras.swift; sourceTree = "<group>"; };
/* End PBXFileReference section */

/* Begin PBXFrameworksBuildPhase section */
		9FBEE991285F682C0070BA06 /* Frameworks */ = {
			isa = PBXFrameworksBuildPhase;
			buildActionMask = 2147483647;
			files = (
			);
			runOnlyForDeploymentPostprocessing = 0;
		};
/* End PBXFrameworksBuildPhase section */

/* Begin PBXGroup section */
		9F338B552899A62A00E393E2 /* ConfettiView */ = {
			isa = PBXGroup;
			children = (
				9F338B562899A64100E393E2 /* Shapes */,
				9F338B5B2899A64100E393E2 /* ConfettiSwiftUI.swift */,
				9F338B5A2899A64100E393E2 /* View+ConfettiCannon.swift */,
			);
			path = ConfettiView;
			sourceTree = "<group>";
		};
		9F338B562899A64100E393E2 /* Shapes */ = {
			isa = PBXGroup;
			children = (
				9F338B572899A64100E393E2 /* RoundedCross.swift */,
				9F338B582899A64100E393E2 /* Triangle.swift */,
				9F338B592899A64100E393E2 /* SlimRectangle.swift */,
			);
			path = Shapes;
			sourceTree = "<group>";
		};
		9FBEE98B285F682C0070BA06 = {
			isa = PBXGroup;
			children = (
				9FBEE996285F682C0070BA06 /* MantraReader */,
				9FBEE995285F682C0070BA06 /* Products */,
			);
			sourceTree = "<group>";
		};
		9FBEE995285F682C0070BA06 /* Products */ = {
			isa = PBXGroup;
			children = (
				9FBEE994285F682C0070BA06 /* MantraReader.app */,
			);
			name = Products;
			sourceTree = "<group>";
		};
		9FBEE996285F682C0070BA06 /* MantraReader */ = {
			isa = PBXGroup;
			children = (
				9F338B552899A62A00E393E2 /* ConfettiView */,
				9FDF34982884859D00B3007E /* AdjustingAndUndoTypes.swift */,
				9FBEE9A0285F682D0070BA06 /* Assets.xcassets */,
				9F605142288EE75E005EC6F5 /* BlinkView.swift */,
				9FA8E88A28985D3100479F08 /* CheckMarkView.swift */,
				9FBEE9AD285F68CE0070BA06 /* CircularProgressView.swift */,
				9FDF349A2885B2E000B3007E /* CircularProgressViewModel.swift */,
				9FDC8DAD28622D5900BF7051 /* Constants.swift */,
				9FBEE99E285F682C0070BA06 /* ContentView.swift */,
				9FDC8DAB28622AEC00BF7051 /* DetailsColumn.swift */,
				9F4DE925286E3B990064ADCB /* Functions.swift */,
				9FDF349E2885E86200B3007E /* GoalButtonView.swift */,
				9FDF349C2885E83B00B3007E /* GoalButtonViewModel.swift */,
				9FB279E328902F1B0029ED3B /* HintView.swift */,
				9FD61DCB289391D4004936E6 /* InfoView.swift */,
				9FD61DCD289391EF004936E6 /* InfoViewModel.swift */,
				9F31E1592891ACE6006F0521 /* MantraCounterModeOverlayView.swift */,
				9F03F4952870B8FE00432002 /* MantraListColumn.swift */,
				9FBEE9A2285F682D0070BA06 /* MantraReader.entitlements */,
				9FBEE99B285F682C0070BA06 /* MantraReader.xcdatamodeld */,
				9FBEE997285F682C0070BA06 /* MantraReaderApp.swift */,
				9F7B1AE3286AB09A007720A0 /* MantraRow.swift */,
				9FDC8DAF28623D5F00BF7051 /* OrientationInfo.swift */,
				9F786289288844970058AAD0 /* PercentageRing.swift */,
				9FBEE999285F682C0070BA06 /* Persistence.swift */,
				9FA8E88C2898DB7B00479F08 /* PreloadedMantra.swift */,
				9FD61DC52893915B004936E6 /* PreloadedMantraListView.swift */,
				9FD61DC9289391BC004936E6 /* PreloadedMantraListViewModel.swift */,
				9FD61DC7289391A4004936E6 /* PreloadedMantraRow.swift */,
				9FF7C3942864C16200DA5F51 /* PreloadedMantras.swift */,
				9FBEE9A3285F682D0070BA06 /* Preview Content */,
				9F780037287FF7D200516A0F /* RandomColor.swift */,
				9FBEE9AB285F68CE0070BA06 /* ReadsView.swift */,
				9FDC8DA9286222C700BF7051 /* ReadsViewModel.swift */,
				9F4DE923286E3B670064ADCB /* UIImage+CropToCircle.swift */,
				9F78728D2865FDA400F52335 /* UIImage+Resize.swift */,
				9FC9A690287DA4FE00D05FBD /* UpdatingAlertView.swift */,
			);
			path = MantraReader;
			sourceTree = "<group>";
		};
		9FBEE9A3285F682D0070BA06 /* Preview Content */ = {
			isa = PBXGroup;
			children = (
				9FBEE9A4285F682D0070BA06 /* Preview Assets.xcassets */,
			);
			path = "Preview Content";
			sourceTree = "<group>";
		};
/* End PBXGroup section */

/* Begin PBXNativeTarget section */
		9FBEE993285F682C0070BA06 /* MantraReader */ = {
			isa = PBXNativeTarget;
			buildConfigurationList = 9FBEE9A8285F682D0070BA06 /* Build configuration list for PBXNativeTarget "MantraReader" */;
			buildPhases = (
				9FBEE990285F682C0070BA06 /* Sources */,
				9FBEE991285F682C0070BA06 /* Frameworks */,
				9FBEE992285F682C0070BA06 /* Resources */,
			);
			buildRules = (
			);
			dependencies = (
			);
			name = MantraReader;
			packageProductDependencies = (
			);
			productName = MantraReader;
			productReference = 9FBEE994285F682C0070BA06 /* MantraReader.app */;
			productType = "com.apple.product-type.application";
		};
/* End PBXNativeTarget section */

/* Begin PBXProject section */
		9FBEE98C285F682C0070BA06 /* Project object */ = {
			isa = PBXProject;
			attributes = {
				BuildIndependentTargetsInParallel = 1;
				LastSwiftUpdateCheck = 1400;
				LastUpgradeCheck = 1400;
				TargetAttributes = {
					9FBEE993285F682C0070BA06 = {
						CreatedOnToolsVersion = 14.0;
					};
				};
			};
			buildConfigurationList = 9FBEE98F285F682C0070BA06 /* Build configuration list for PBXProject "MantraReader" */;
			compatibilityVersion = "Xcode 14.0";
			developmentRegion = en;
			hasScannedForEncodings = 0;
			knownRegions = (
				en,
				Base,
			);
			mainGroup = 9FBEE98B285F682C0070BA06;
			packageReferences = (
			);
			productRefGroup = 9FBEE995285F682C0070BA06 /* Products */;
			projectDirPath = "";
			projectRoot = "";
			targets = (
				9FBEE993285F682C0070BA06 /* MantraReader */,
			);
		};
/* End PBXProject section */

/* Begin PBXResourcesBuildPhase section */
		9FBEE992285F682C0070BA06 /* Resources */ = {
			isa = PBXResourcesBuildPhase;
			buildActionMask = 2147483647;
			files = (
				9FBEE9A5285F682D0070BA06 /* Preview Assets.xcassets in Resources */,
				9FBEE9A1285F682D0070BA06 /* Assets.xcassets in Resources */,
			);
			runOnlyForDeploymentPostprocessing = 0;
		};
/* End PBXResourcesBuildPhase section */

/* Begin PBXSourcesBuildPhase section */
		9FBEE990285F682C0070BA06 /* Sources */ = {
			isa = PBXSourcesBuildPhase;
			buildActionMask = 2147483647;
			files = (
				9F03F4962870B8FE00432002 /* MantraListColumn.swift in Sources */,
				9FBEE99D285F682C0070BA06 /* MantraReader.xcdatamodeld in Sources */,
				9F338B5F2899A64200E393E2 /* View+ConfettiCannon.swift in Sources */,
				9FDC8DAE28622D5900BF7051 /* Constants.swift in Sources */,
				9FB279E428902F1B0029ED3B /* HintView.swift in Sources */,
				9FD61DCC289391D4004936E6 /* InfoView.swift in Sources */,
				9FDC8DAC28622AEC00BF7051 /* DetailsColumn.swift in Sources */,
				9FD61DCE289391EF004936E6 /* InfoViewModel.swift in Sources */,
				9F31E15A2891ACE6006F0521 /* MantraCounterModeOverlayView.swift in Sources */,
				9FDC8DAA286222C700BF7051 /* ReadsViewModel.swift in Sources */,
				9FF7C3952864C16200DA5F51 /* PreloadedMantras.swift in Sources */,
				9F4DE924286E3B670064ADCB /* UIImage+CropToCircle.swift in Sources */,
				9F7B1AE4286AB09A007720A0 /* MantraRow.swift in Sources */,
				9F338B5D2899A64200E393E2 /* Triangle.swift in Sources */,
				9FBEE998285F682C0070BA06 /* MantraReaderApp.swift in Sources */,
				9F78728E2865FDA400F52335 /* UIImage+Resize.swift in Sources */,
				9FD61DCA289391BC004936E6 /* PreloadedMantraListViewModel.swift in Sources */,
				9FDF349D2885E83B00B3007E /* GoalButtonViewModel.swift in Sources */,
				9FD61DC62893915B004936E6 /* PreloadedMantraListView.swift in Sources */,
				9FC9A691287DA4FE00D05FBD /* UpdatingAlertView.swift in Sources */,
				9FA8E88B28985D3100479F08 /* CheckMarkView.swift in Sources */,
				9F78628D2889A5830058AAD0 /* ReadsView.swift in Sources */,
				9FBEE99F285F682C0070BA06 /* ContentView.swift in Sources */,
				9F4DE926286E3B990064ADCB /* Functions.swift in Sources */,
				9FBEE9B0285F68CE0070BA06 /* CircularProgressView.swift in Sources */,
				9FA8E88D2898DB7B00479F08 /* PreloadedMantra.swift in Sources */,
				9FDC8DB028623D5F00BF7051 /* OrientationInfo.swift in Sources */,
				9FDF349B2885B2E000B3007E /* CircularProgressViewModel.swift in Sources */,
				9F338B5C2899A64200E393E2 /* RoundedCross.swift in Sources */,
				9FBEE99A285F682C0070BA06 /* Persistence.swift in Sources */,
				9F780038287FF7D200516A0F /* RandomColor.swift in Sources */,
				9F605143288EE75E005EC6F5 /* BlinkView.swift in Sources */,
				9FD61DC8289391A4004936E6 /* PreloadedMantraRow.swift in Sources */,
				9F338B5E2899A64200E393E2 /* SlimRectangle.swift in Sources */,
				9F78628A288844970058AAD0 /* PercentageRing.swift in Sources */,
				9F338B602899A64200E393E2 /* ConfettiSwiftUI.swift in Sources */,
				9FDF34992884859D00B3007E /* AdjustingAndUndoTypes.swift in Sources */,
				9FDF349F2885E86200B3007E /* GoalButtonView.swift in Sources */,
			);
			runOnlyForDeploymentPostprocessing = 0;
		};
/* End PBXSourcesBuildPhase section */

/* Begin XCBuildConfiguration section */
		9FBEE9A6285F682D0070BA06 /* Debug */ = {
			isa = XCBuildConfiguration;
			buildSettings = {
				ALWAYS_SEARCH_USER_PATHS = NO;
				CLANG_ANALYZER_NONNULL = YES;
				CLANG_ANALYZER_NUMBER_OBJECT_CONVERSION = YES_AGGRESSIVE;
				CLANG_CXX_LANGUAGE_STANDARD = "gnu++17";
				CLANG_ENABLE_MODULES = YES;
				CLANG_ENABLE_OBJC_ARC = YES;
				CLANG_ENABLE_OBJC_WEAK = YES;
				CLANG_WARN_BLOCK_CAPTURE_AUTORELEASING = YES;
				CLANG_WARN_BOOL_CONVERSION = YES;
				CLANG_WARN_COMMA = YES;
				CLANG_WARN_CONSTANT_CONVERSION = YES;
				CLANG_WARN_DEPRECATED_OBJC_IMPLEMENTATIONS = YES;
				CLANG_WARN_DIRECT_OBJC_ISA_USAGE = YES_ERROR;
				CLANG_WARN_DOCUMENTATION_COMMENTS = YES;
				CLANG_WARN_EMPTY_BODY = YES;
				CLANG_WARN_ENUM_CONVERSION = YES;
				CLANG_WARN_INFINITE_RECURSION = YES;
				CLANG_WARN_INT_CONVERSION = YES;
				CLANG_WARN_NON_LITERAL_NULL_CONVERSION = YES;
				CLANG_WARN_OBJC_IMPLICIT_RETAIN_SELF = YES;
				CLANG_WARN_OBJC_LITERAL_CONVERSION = YES;
				CLANG_WARN_OBJC_ROOT_CLASS = YES_ERROR;
				CLANG_WARN_QUOTED_INCLUDE_IN_FRAMEWORK_HEADER = YES;
				CLANG_WARN_RANGE_LOOP_ANALYSIS = YES;
				CLANG_WARN_STRICT_PROTOTYPES = YES;
				CLANG_WARN_SUSPICIOUS_MOVE = YES;
				CLANG_WARN_UNGUARDED_AVAILABILITY = YES_AGGRESSIVE;
				CLANG_WARN_UNREACHABLE_CODE = YES;
				CLANG_WARN__DUPLICATE_METHOD_MATCH = YES;
				COPY_PHASE_STRIP = NO;
				DEBUG_INFORMATION_FORMAT = dwarf;
				ENABLE_STRICT_OBJC_MSGSEND = YES;
				ENABLE_TESTABILITY = YES;
				GCC_C_LANGUAGE_STANDARD = gnu11;
				GCC_DYNAMIC_NO_PIC = NO;
				GCC_NO_COMMON_BLOCKS = YES;
				GCC_OPTIMIZATION_LEVEL = 0;
				GCC_PREPROCESSOR_DEFINITIONS = (
					"DEBUG=1",
					"$(inherited)",
				);
				GCC_WARN_64_TO_32_BIT_CONVERSION = YES;
				GCC_WARN_ABOUT_RETURN_TYPE = YES_ERROR;
				GCC_WARN_UNDECLARED_SELECTOR = YES;
				GCC_WARN_UNINITIALIZED_AUTOS = YES_AGGRESSIVE;
				GCC_WARN_UNUSED_FUNCTION = YES;
				GCC_WARN_UNUSED_VARIABLE = YES;
				IPHONEOS_DEPLOYMENT_TARGET = 16.0;
				MACOSX_DEPLOYMENT_TARGET = 13.0;
				MTL_ENABLE_DEBUG_INFO = INCLUDE_SOURCE;
				MTL_FAST_MATH = YES;
				ONLY_ACTIVE_ARCH = YES;
				SWIFT_ACTIVE_COMPILATION_CONDITIONS = DEBUG;
				SWIFT_OPTIMIZATION_LEVEL = "-Onone";
			};
			name = Debug;
		};
		9FBEE9A7285F682D0070BA06 /* Release */ = {
			isa = XCBuildConfiguration;
			buildSettings = {
				ALWAYS_SEARCH_USER_PATHS = NO;
				CLANG_ANALYZER_NONNULL = YES;
				CLANG_ANALYZER_NUMBER_OBJECT_CONVERSION = YES_AGGRESSIVE;
				CLANG_CXX_LANGUAGE_STANDARD = "gnu++17";
				CLANG_ENABLE_MODULES = YES;
				CLANG_ENABLE_OBJC_ARC = YES;
				CLANG_ENABLE_OBJC_WEAK = YES;
				CLANG_WARN_BLOCK_CAPTURE_AUTORELEASING = YES;
				CLANG_WARN_BOOL_CONVERSION = YES;
				CLANG_WARN_COMMA = YES;
				CLANG_WARN_CONSTANT_CONVERSION = YES;
				CLANG_WARN_DEPRECATED_OBJC_IMPLEMENTATIONS = YES;
				CLANG_WARN_DIRECT_OBJC_ISA_USAGE = YES_ERROR;
				CLANG_WARN_DOCUMENTATION_COMMENTS = YES;
				CLANG_WARN_EMPTY_BODY = YES;
				CLANG_WARN_ENUM_CONVERSION = YES;
				CLANG_WARN_INFINITE_RECURSION = YES;
				CLANG_WARN_INT_CONVERSION = YES;
				CLANG_WARN_NON_LITERAL_NULL_CONVERSION = YES;
				CLANG_WARN_OBJC_IMPLICIT_RETAIN_SELF = YES;
				CLANG_WARN_OBJC_LITERAL_CONVERSION = YES;
				CLANG_WARN_OBJC_ROOT_CLASS = YES_ERROR;
				CLANG_WARN_QUOTED_INCLUDE_IN_FRAMEWORK_HEADER = YES;
				CLANG_WARN_RANGE_LOOP_ANALYSIS = YES;
				CLANG_WARN_STRICT_PROTOTYPES = YES;
				CLANG_WARN_SUSPICIOUS_MOVE = YES;
				CLANG_WARN_UNGUARDED_AVAILABILITY = YES_AGGRESSIVE;
				CLANG_WARN_UNREACHABLE_CODE = YES;
				CLANG_WARN__DUPLICATE_METHOD_MATCH = YES;
				COPY_PHASE_STRIP = NO;
				DEBUG_INFORMATION_FORMAT = "dwarf-with-dsym";
				ENABLE_NS_ASSERTIONS = NO;
				ENABLE_STRICT_OBJC_MSGSEND = YES;
				GCC_C_LANGUAGE_STANDARD = gnu11;
				GCC_NO_COMMON_BLOCKS = YES;
				GCC_WARN_64_TO_32_BIT_CONVERSION = YES;
				GCC_WARN_ABOUT_RETURN_TYPE = YES_ERROR;
				GCC_WARN_UNDECLARED_SELECTOR = YES;
				GCC_WARN_UNINITIALIZED_AUTOS = YES_AGGRESSIVE;
				GCC_WARN_UNUSED_FUNCTION = YES;
				GCC_WARN_UNUSED_VARIABLE = YES;
				IPHONEOS_DEPLOYMENT_TARGET = 16.0;
				MACOSX_DEPLOYMENT_TARGET = 13.0;
				MTL_ENABLE_DEBUG_INFO = NO;
				MTL_FAST_MATH = YES;
				SWIFT_COMPILATION_MODE = wholemodule;
				SWIFT_OPTIMIZATION_LEVEL = "-O";
			};
			name = Release;
		};
		9FBEE9A9285F682D0070BA06 /* Debug */ = {
			isa = XCBuildConfiguration;
			buildSettings = {
				ASSETCATALOG_COMPILER_APPICON_NAME = AppIcon;
				ASSETCATALOG_COMPILER_GLOBAL_ACCENT_COLOR_NAME = AccentColor;
				CODE_SIGN_ENTITLEMENTS = MantraReader/MantraReader.entitlements;
				CODE_SIGN_STYLE = Automatic;
				CURRENT_PROJECT_VERSION = 1;
				DEVELOPMENT_ASSET_PATHS = "\"MantraReader/Preview Content\"";
				DEVELOPMENT_TEAM = R89YUVSKU6;
				ENABLE_HARDENED_RUNTIME = YES;
				ENABLE_PREVIEWS = YES;
				GENERATE_INFOPLIST_FILE = YES;
				INFOPLIST_KEY_CFBundleDisplayName = "Mantra Reader";
				INFOPLIST_KEY_LSApplicationCategoryType = "public.app-category.lifestyle";
				"INFOPLIST_KEY_UILaunchScreen_Generation[sdk=iphoneos*]" = YES;
				"INFOPLIST_KEY_UILaunchScreen_Generation[sdk=iphonesimulator*]" = YES;
				INFOPLIST_KEY_UISupportedInterfaceOrientations_iPad = "UIInterfaceOrientationPortrait UIInterfaceOrientationPortraitUpsideDown UIInterfaceOrientationLandscapeLeft UIInterfaceOrientationLandscapeRight";
				INFOPLIST_KEY_UISupportedInterfaceOrientations_iPhone = "UIInterfaceOrientationPortrait UIInterfaceOrientationLandscapeLeft UIInterfaceOrientationLandscapeRight";
				IPHONEOS_DEPLOYMENT_TARGET = 16.0;
				LD_RUNPATH_SEARCH_PATHS = "@executable_path/Frameworks";
				"LD_RUNPATH_SEARCH_PATHS[sdk=macosx*]" = "@executable_path/../Frameworks";
				MACOSX_DEPLOYMENT_TARGET = 12.4;
				MARKETING_VERSION = 2.0;
				PRODUCT_BUNDLE_IDENTIFIER = com.mosariot.MantraReader;
				PRODUCT_NAME = "$(TARGET_NAME)";
				SDKROOT = auto;
				SUPPORTED_PLATFORMS = "iphoneos iphonesimulator macosx";
				SWIFT_EMIT_LOC_STRINGS = YES;
				SWIFT_VERSION = 5.0;
				TARGETED_DEVICE_FAMILY = "1,2";
			};
			name = Debug;
		};
		9FBEE9AA285F682D0070BA06 /* Release */ = {
			isa = XCBuildConfiguration;
			buildSettings = {
				ASSETCATALOG_COMPILER_APPICON_NAME = AppIcon;
				ASSETCATALOG_COMPILER_GLOBAL_ACCENT_COLOR_NAME = AccentColor;
				CODE_SIGN_ENTITLEMENTS = MantraReader/MantraReader.entitlements;
				CODE_SIGN_STYLE = Automatic;
				CURRENT_PROJECT_VERSION = 1;
				DEVELOPMENT_ASSET_PATHS = "\"MantraReader/Preview Content\"";
				DEVELOPMENT_TEAM = R89YUVSKU6;
				ENABLE_HARDENED_RUNTIME = YES;
				ENABLE_PREVIEWS = YES;
				GENERATE_INFOPLIST_FILE = YES;
				INFOPLIST_KEY_CFBundleDisplayName = "Mantra Reader";
				INFOPLIST_KEY_LSApplicationCategoryType = "public.app-category.lifestyle";
				"INFOPLIST_KEY_UILaunchScreen_Generation[sdk=iphoneos*]" = YES;
				"INFOPLIST_KEY_UILaunchScreen_Generation[sdk=iphonesimulator*]" = YES;
				INFOPLIST_KEY_UISupportedInterfaceOrientations_iPad = "UIInterfaceOrientationPortrait UIInterfaceOrientationPortraitUpsideDown UIInterfaceOrientationLandscapeLeft UIInterfaceOrientationLandscapeRight";
				INFOPLIST_KEY_UISupportedInterfaceOrientations_iPhone = "UIInterfaceOrientationPortrait UIInterfaceOrientationLandscapeLeft UIInterfaceOrientationLandscapeRight";
				IPHONEOS_DEPLOYMENT_TARGET = 16.0;
				LD_RUNPATH_SEARCH_PATHS = "@executable_path/Frameworks";
				"LD_RUNPATH_SEARCH_PATHS[sdk=macosx*]" = "@executable_path/../Frameworks";
				MACOSX_DEPLOYMENT_TARGET = 12.4;
				MARKETING_VERSION = 2.0;
				PRODUCT_BUNDLE_IDENTIFIER = com.mosariot.MantraReader;
				PRODUCT_NAME = "$(TARGET_NAME)";
				SDKROOT = auto;
				SUPPORTED_PLATFORMS = "iphoneos iphonesimulator macosx";
				SWIFT_EMIT_LOC_STRINGS = YES;
				SWIFT_VERSION = 5.0;
				TARGETED_DEVICE_FAMILY = "1,2";
			};
			name = Release;
		};
/* End XCBuildConfiguration section */

/* Begin XCConfigurationList section */
		9FBEE98F285F682C0070BA06 /* Build configuration list for PBXProject "MantraReader" */ = {
			isa = XCConfigurationList;
			buildConfigurations = (
				9FBEE9A6285F682D0070BA06 /* Debug */,
				9FBEE9A7285F682D0070BA06 /* Release */,
			);
			defaultConfigurationIsVisible = 0;
			defaultConfigurationName = Release;
		};
		9FBEE9A8285F682D0070BA06 /* Build configuration list for PBXNativeTarget "MantraReader" */ = {
			isa = XCConfigurationList;
			buildConfigurations = (
				9FBEE9A9285F682D0070BA06 /* Debug */,
				9FBEE9AA285F682D0070BA06 /* Release */,
			);
			defaultConfigurationIsVisible = 0;
			defaultConfigurationName = Release;
		};
/* End XCConfigurationList section */

/* Begin XCVersionGroup section */
		9FBEE99B285F682C0070BA06 /* MantraReader.xcdatamodeld */ = {
			isa = XCVersionGroup;
			children = (
				9FBEE99C285F682C0070BA06 /* MantraReader.xcdatamodel */,
			);
			currentVersion = 9FBEE99C285F682C0070BA06 /* MantraReader.xcdatamodel */;
			path = MantraReader.xcdatamodeld;
			sourceTree = "<group>";
			versionGroupType = wrapper.xcdatamodel;
		};
/* End XCVersionGroup section */
	};
	rootObject = 9FBEE98C285F682C0070BA06 /* Project object */;
}
